
Microsoft Visual Studio Solution File, Format Version 12.00
# Visual Studio Version 17
VisualStudioVersion = 17.2.32616.157
MinimumVisualStudioVersion = 10.0.40219.1
Project("{FAE04EC0-301F-11D3-BF4B-00C04F79EFBC}") = "StrzalNaPlus", "StrzalNaPlus\StrzalNaPlus.csproj", "{4AC66215-6293-4910-BB8C-5CB808F2DD8F}"
EndProject
Global
	GlobalSection(SolutionConfigurationPlatforms) = preSolution
		Debug|Any CPU = Debug|Any CPU
		Release|Any CPU = Release|Any CPU
	EndGlobalSection
	GlobalSection(ProjectConfigurationPlatforms) = postSolution
		{4AC66215-6293-4910-BB8C-5CB808F2DD8F}.Debug|Any CPU.ActiveCfg = Debug|Any CPU
		{4AC66215-6293-4910-BB8C-5CB808F2DD8F}.Debug|Any CPU.Build.0 = Debug|Any CPU
		{4AC66215-6293-4910-BB8C-5CB808F2DD8F}.Release|Any CPU.ActiveCfg = Release|Any CPU
		{4AC66215-6293-4910-BB8C-5CB808F2DD8F}.Release|Any CPU.Build.0 = Release|Any CPU
	EndGlobalSection
	GlobalSection(SolutionProperties) = preSolution
		HideSolutionNode = FALSE
	EndGlobalSection
	GlobalSection(ExtensibilityGlobals) = postSolution
		SolutionGuid = {B6336755-80B2-4370-BBB0-E8EF29393D18}
	EndGlobalSection
EndGlobal
